Microsoft Visual Studio Solution File, Format Version 12.00
# Visual Studio Version 17
VisualStudioVersion = 17.12.35527.113
MinimumVisualStudioVersion = 10.0.40219.1
Project("{9A19103F-16F7-4668-BE54-9A1E7A4F7556}") = "Base", "base\Base.csproj", "{5BE975E5-1F74-476E-8FA7-78A3E6697538}"
EndProject
Global
	GlobalSection(SolutionConfigurationPlatforms) = preSolution
		Debug|Any CPU = Debug|Any CPU
		Release|Any CPU = Release|Any CPU
	EndGlobalSection
	GlobalSection(ProjectConfigurationPlatforms) = postSolution
		{5BE975E5-1F74-476E-8FA7-78A3E6697538}.Debug|Any CPU.ActiveCfg = Debug|Any CPU
		{5BE975E5-1F74-476E-8FA7-78A3E6697538}.Debug|Any CPU.Build.0 = Debug|Any CPU
		{5BE975E5-1F74-476E-8FA7-78A3E6697538}.Release|Any CPU.ActiveCfg = Release|Any CPU
		{5BE975E5-1F74-476E-8FA7-78A3E6697538}.Release|Any CPU.Build.0 = Release|Any CPU
	EndGlobalSection
	GlobalSection(SolutionProperties) = preSolution
		HideSolutionNode = FALSE
	EndGlobalSection
	GlobalSection(ExtensibilityGlobals) = postSolution
		SolutionGuid = {7CE0C587-10D0-4125-B4F3-960CAA27C83E}
	EndGlobalSection
EndGlobal
